schema: '2.0'
stages:
  data_ingestion:
    cmd: python src/data/data_ingestion.py
    deps:
    - path: src/data/data_ingestion.py
      hash: md5
      md5: bea2c0dec8dbfcdea81d19b83fbecf55
      size: 3547
    params:
      params.yaml:
        data_ingestion.test_size: 0.2
    outs:
    - path: data/raw
      hash: md5
      md5: fb326d2eec197669f9638afde28356bf.dir
      size: 827973
      nfiles: 2
  data_preprocessing:
    cmd: python src/data/data_preprocessing.py
    deps:
    - path: data/raw
      hash: md5
      md5: fb326d2eec197669f9638afde28356bf.dir
      size: 827973
      nfiles: 2
    - path: src/data/data_preprocessing.py
      hash: md5
      md5: eb4ee690d23d660c8d621134581242c0
      size: 4016
    outs:
    - path: data/interim
      hash: md5
      md5: ef37afd17951ea8af23114b28d26f784.dir
      size: 566210
      nfiles: 2
  feature_engineering:
    cmd: python src/features/feature_engineering.py
    deps:
    - path: data/interim
      hash: md5
      md5: ef37afd17951ea8af23114b28d26f784.dir
      size: 566210
      nfiles: 2
    - path: src/features/feature_engineering.py
      hash: md5
      md5: 1b1f8ad3819c2a855b9ada229598ee87
      size: 3793
    params:
      params.yaml:
        feature_engineering.max_features: 500
    outs:
    - path: data/processed
      hash: md5
      md5: 310bd792f4e585cc60898897edf1ec05.dir
      size: 10408916
      nfiles: 2
  model_building:
    cmd: python src/model/model_building.py
    deps:
    - path: data/processed
      hash: md5
      md5: 310bd792f4e585cc60898897edf1ec05.dir
      size: 10408916
      nfiles: 2
    - path: src/model/model_building.py
      hash: md5
      md5: 117dafadaeddea8e1d80d09ed509f989
      size: 3081
    params:
      params.yaml:
        model_building.learning_rate: 0.1
        model_building.n_estimators: 25
    outs:
    - path: models/model.pkl
      hash: md5
      md5: 37793257bb0e814e93e1bfc9f8469b8c
      size: 39136
  model_evaluation:
    cmd: python src/model/model_evaluation.py
    deps:
    - path: models/model.pkl
      hash: md5
      md5: 37793257bb0e814e93e1bfc9f8469b8c
      size: 39136
    - path: src/model/model_evaluation.py
      hash: md5
      md5: 36d690adecba775257eaaf98333b56d9
      size: 3383
    outs:
    - path: reports/metrics.json
      hash: md5
      md5: f6459be1300a9d5f0b24b94e2cda94f7
      size: 146
